
Microsoft Visual Studio Solution File, Format Version 12.00
# Visual Studio 2012
Project("{FAE04EC0-301F-11D3-BF4B-00C04F79EFBC}") = "Orders.Web", "Orders.Web\Orders.Web.csproj", "{A63BD0E0-19E3-45BE-AD0D-C026FCBEDD89}"
EndProject
Project("{FAE04EC0-301F-11D3-BF4B-00C04F79EFBC}") = "Orders.DataAccess", "Orders.DataAccess\Orders.DataAccess.csproj", "{90F35EF9-B519-4E66-B31A-0861F3468F4F}"
EndProject
Global
	GlobalSection(SolutionConfigurationPlatforms) = preSolution
		Debug|x86 = Debug|x86
		Release|x86 = Release|x86
	EndGlobalSection
	GlobalSection(ProjectConfigurationPlatforms) = postSolution
		{90F35EF9-B519-4E66-B31A-0861F3468F4F}.Debug|x86.ActiveCfg = Debug|Any CPU
		{90F35EF9-B519-4E66-B31A-0861F3468F4F}.Debug|x86.Build.0 = Debug|Any CPU
		{90F35EF9-B519-4E66-B31A-0861F3468F4F}.Release|x86.ActiveCfg = Release|Any CPU
		{90F35EF9-B519-4E66-B31A-0861F3468F4F}.Release|x86.Build.0 = Release|Any CPU
	EndGlobalSection
EndGlobal
